github.com/Shopify/go-lua v0.0.0-20210302141115-d8ac5566562d h1:t4Z/l2BS7t3Yi/WUhAR+193R1a/lCP6WkNRblY712zo=
github.com/Shopify/go-lua v0.0.0-20210302141115-d8ac5566562d/go.mod h1:lvS2IGWEGk+KQkRrCXuWlcsHO5BitT0HyhnP51rh3gA=
github.com/imroc/req v0.3.0 h1:3EioagmlSG+z+KySToa+Ylo3pTFZs+jh3Brl7ngU12U=
github.com/imroc/req v0.3.0/go.mod h1:F+NZ+2EFSo6EFXdeIbpfE9hcC233id70kf0byW97Caw=
